<?xml version="1.0" encoding="utf-8"?>
<Project ToolsVersion="4.0" xmlns="http://schemas.microsoft.com/developer/msbuild/2003">
  <ItemGroup>
    <ClCompile Include="src\ofApp.cpp">
      <Filter>src</Filter>
    </ClCompile>
    <ClCompile Include="src\main.cpp">
      <Filter>src</Filter>
    </ClCompile>
    <ClCompile Include="src\Math\AffineTransform.cpp" />
    <ClCompile Include="src\Math\MathUtil.cpp" />
    <ClCompile Include="src\Math\Matrix3.cpp" />
    <ClCompile Include="src\Math\Vector2D.cpp" />
    <ClCompile Include="src\Math\Vector3D.cpp" />
    <ClCompile Include="src\DrawUtils.cpp" />
    <ClCompile Include="src\Actor.cpp" />
    <ClCompile Include="src\GameObject.cpp" />
    <ClCompile Include="src\Math\AABB.cpp" />
    <ClCompile Include="src\Math\BoundingCircle.cpp" />
    <ClCompile Include="src\EventManager.cpp" />
    <ClCompile Include="src\Examples\AABBRotationExample.cpp" />
    <ClCompile Include="src\Examples\UnionPolygonExample.cpp" />
    <ClCompile Include="src\Examples\BitmaskExample.cpp" />
    <ClCompile Include="src\Examples\CollisionsExample.cpp" />
    <ClCompile Include="src\Bitmask.cpp" />
  </ItemGroup>
  <ItemGroup>
    <Filter Include="src">
      <UniqueIdentifier>{d8376475-7454-4a24-b08a-aac121d3ad6f}</UniqueIdentifier>
    </Filter>
    <Filter Include="addons">
      <UniqueIdentifier>{adc3645c-769d-468a-af84-b73a50b24877}</UniqueIdentifier>
    </Filter>
  </ItemGroup>
  <ItemGroup>
    <ClInclude Include="src\ofApp.h">
      <Filter>src</Filter>
    </ClInclude>
    <ClInclude Include="src\Math\AffineTransform.h" />
    <ClInclude Include="src\Math\MathUtil.h" />
    <ClInclude Include="src\Math\Matrix3.h" />
    <ClInclude Include="src\Math\ofDraw.h" />
    <ClInclude Include="src\Math\Vector2D.h" />
    <ClInclude Include="src\Math\Vector3D.h" />
    <ClInclude Include="src\DrawUtils.h" />
    <ClInclude Include="src\IScreen.h" />
    <ClInclude Include="src\Actor.h" />
    <ClInclude Include="src\GameObject.h" />
    <ClInclude Include="src\Math\MathIncluder.h" />
    <ClInclude Include="src\Math\AABB.h" />
    <ClInclude Include="src\Math\BoundingCircle.h" />
    <ClInclude Include="src\EventManager.h" />
    <ClInclude Include="src\Examples\AABBRotationExample.h" />
    <ClInclude Include="src\Examples\UnionPolygonExample.h" />
    <ClInclude Include="src\Examples\BitmaskExample.h" />
    <ClInclude Include="src\Examples\CollisionsExample.h" />
    <ClInclude Include="src\Bitmask.h" />
  </ItemGroup>
  <ItemGroup>
    <ResourceCompile Include="icon.rc" />
  </ItemGroup>
</Project>